
Microsoft Visual Studio Solution File, Format Version 12.00
# Visual Studio 16
Project("{FAE04EC0-301F-11D3-BF4B-00C04F79EFBC}") = "Assembly-CSharp", "Assembly-CSharp.csproj", "{155ADE49-550B-5D4A-6061-A79FA90C3773}"
EndProject
Project("{FAE04EC0-301F-11D3-BF4B-00C04F79EFBC}") = "Assembly-CSharp-Editor", "Assembly-CSharp-Editor.csproj", "{72CFD3C5-ABCF-F372-A36B-155FEDF55C25}"
EndProject
Global
	GlobalSection(SolutionConfigurationPlatforms) = preSolution
		Debug|Any CPU = Debug|Any CPU
		Release|Any CPU = Release|Any CPU
	EndGlobalSection
	GlobalSection(ProjectConfigurationPlatforms) = postSolution
		{155ADE49-550B-5D4A-6061-A79FA90C3773}.Debug|Any CPU.ActiveCfg = Debug|Any CPU
		{155ADE49-550B-5D4A-6061-A79FA90C3773}.Debug|Any CPU.Build.0 = Debug|Any CPU
		{155ADE49-550B-5D4A-6061-A79FA90C3773}.Release|Any CPU.ActiveCfg = Release|Any CPU
		{155ADE49-550B-5D4A-6061-A79FA90C3773}.Release|Any CPU.Build.0 = Release|Any CPU
		{72CFD3C5-ABCF-F372-A36B-155FEDF55C25}.Debug|Any CPU.ActiveCfg = Debug|Any CPU
		{72CFD3C5-ABCF-F372-A36B-155FEDF55C25}.Debug|Any CPU.Build.0 = Debug|Any CPU
		{72CFD3C5-ABCF-F372-A36B-155FEDF55C25}.Release|Any CPU.ActiveCfg = Release|Any CPU
		{72CFD3C5-ABCF-F372-A36B-155FEDF55C25}.Release|Any CPU.Build.0 = Release|Any CPU
	EndGlobalSection
	GlobalSection(SolutionProperties) = preSolution
		HideSolutionNode = FALSE
	EndGlobalSection
EndGlobal
